
Microsoft Visual Studio Solution File, Format Version 12.00
# Visual Studio Version 16
VisualStudioVersion = 16.0.31613.86
MinimumVisualStudioVersion = 10.0.40219.1
Project("{FAE04EC0-301F-11D3-BF4B-00C04F79EFBC}") = "CSharpDemo", "CSharpDemo\CSharpDemo.csproj", "{C9E1F073-957E-45F9-A766-1C24BE8F0421}"
EndProject
Global
	GlobalSection(SolutionConfigurationPlatforms) = preSolution
		Debug|Any CPU = Debug|Any CPU
		Release|Any CPU = Release|Any CPU
	EndGlobalSection
	GlobalSection(ProjectConfigurationPlatforms) = postSolution
		{C9E1F073-957E-45F9-A766-1C24BE8F0421}.Debug|Any CPU.ActiveCfg = Debug|Any CPU
		{C9E1F073-957E-45F9-A766-1C24BE8F0421}.Debug|Any CPU.Build.0 = Debug|Any CPU
		{C9E1F073-957E-45F9-A766-1C24BE8F0421}.Release|Any CPU.ActiveCfg = Release|Any CPU
		{C9E1F073-957E-45F9-A766-1C24BE8F0421}.Release|Any CPU.Build.0 = Release|Any CPU
	EndGlobalSection
	GlobalSection(SolutionProperties) = preSolution
		HideSolutionNode = FALSE
	EndGlobalSection
	GlobalSection(ExtensibilityGlobals) = postSolution
		SolutionGuid = {C88D55B3-6AC2-4F76-BF95-69E1124C0291}
	EndGlobalSection
EndGlobal
